
Microsoft Visual Studio Solution File, Format Version 12.00
# Visual Studio Version 16
VisualStudioVersion = 16.0.31005.135
MinimumVisualStudioVersion = 10.0.40219.1
Project("{FAE04EC0-301F-11D3-BF4B-00C04F79EFBC}") = "AresNews.Android", "AresNews\AresNews.Android\AresNews.Android.csproj", "{B04F79DA-EDFC-4122-8294-B97325DBD100}"
EndProject
Project("{FAE04EC0-301F-11D3-BF4B-00C04F79EFBC}") = "AresNews.iOS", "AresNews\AresNews.iOS\AresNews.iOS.csproj", "{7D70EE3A-40D1-422D-8D09-6CC43A9974C7}"
EndProject
Project("{FAE04EC0-301F-11D3-BF4B-00C04F79EFBC}") = "AresNews", "AresNews\AresNews\AresNews.csproj", "{723D4A2D-C16E-4EF3-B83E-1E135B7F6308}"
EndProject
Global
	GlobalSection(SolutionConfigurationPlatforms) = preSolution
		Debug|Any CPU = Debug|Any CPU
		Debug|iPhone = Debug|iPhone
		Debug|iPhoneSimulator = Debug|iPhoneSimulator
		Release|Any CPU = Release|Any CPU
		Release|iPhone = Release|iPhone
		Release|iPhoneSimulator = Release|iPhoneSimulator
	EndGlobalSection
	GlobalSection(ProjectConfigurationPlatforms) = postSolution
		{B04F79DA-EDFC-4122-8294-B97325DBD100}.Debug|Any CPU.ActiveCfg = Debug|Any CPU
		{B04F79DA-EDFC-4122-8294-B97325DBD100}.Debug|Any CPU.Build.0 = Debug|Any CPU
		{B04F79DA-EDFC-4122-8294-B97325DBD100}.Debug|Any CPU.Deploy.0 = Debug|Any CPU
		{B04F79DA-EDFC-4122-8294-B97325DBD100}.Debug|iPhone.ActiveCfg = Debug|Any CPU
		{B04F79DA-EDFC-4122-8294-B97325DBD100}.Debug|iPhone.Build.0 = Debug|Any CPU
		{B04F79DA-EDFC-4122-8294-B97325DBD100}.Debug|iPhone.Deploy.0 = Debug|Any CPU
		{B04F79DA-EDFC-4122-8294-B97325DBD100}.Debug|iPhoneSimulator.ActiveCfg = Debug|Any CPU
		{B04F79DA-EDFC-4122-8294-B97325DBD100}.Debug|iPhoneSimulator.Build.0 = Debug|Any CPU
		{B04F79DA-EDFC-4122-8294-B97325DBD100}.Debug|iPhoneSimulator.Deploy.0 = Debug|Any CPU
		{B04F79DA-EDFC-4122-8294-B97325DBD100}.Release|Any CPU.ActiveCfg = Release|Any CPU
		{B04F79DA-EDFC-4122-8294-B97325DBD100}.Release|Any CPU.Build.0 = Release|Any CPU
		{B04F79DA-EDFC-4122-8294-B97325DBD100}.Release|Any CPU.Deploy.0 = Release|Any CPU
		{B04F79DA-EDFC-4122-8294-B97325DBD100}.Release|iPhone.ActiveCfg = Release|Any CPU
		{B04F79DA-EDFC-4122-8294-B97325DBD100}.Release|iPhone.Build.0 = Release|Any CPU
		{B04F79DA-EDFC-4122-8294-B97325DBD100}.Release|iPhone.Deploy.0 = Release|Any CPU
		{B04F79DA-EDFC-4122-8294-B97325DBD100}.Release|iPhoneSimulator.ActiveCfg = Release|Any CPU
		{B04F79DA-EDFC-4122-8294-B97325DBD100}.Release|iPhoneSimulator.Build.0 = Release|Any CPU
		{B04F79DA-EDFC-4122-8294-B97325DBD100}.Release|iPhoneSimulator.Deploy.0 = Release|Any CPU
		{7D70EE3A-40D1-422D-8D09-6CC43A9974C7}.Debug|Any CPU.ActiveCfg = Debug|iPhone
		{7D70EE3A-40D1-422D-8D09-6CC43A9974C7}.Debug|Any CPU.Build.0 = Debug|iPhone
		{7D70EE3A-40D1-422D-8D09-6CC43A9974C7}.Debug|Any CPU.Deploy.0 = Debug|iPhone
		{7D70EE3A-40D1-422D-8D09-6CC43A9974C7}.Debug|iPhone.ActiveCfg = Debug|iPhone
		{7D70EE3A-40D1-422D-8D09-6CC43A9974C7}.Debug|iPhone.Build.0 = Debug|iPhone
		{7D70EE3A-40D1-422D-8D09-6CC43A9974C7}.Debug|iPhone.Deploy.0 = Debug|iPhone
		{7D70EE3A-40D1-422D-8D09-6CC43A9974C7}.Debug|iPhoneSimulator.ActiveCfg = Debug|iPhoneSimulator
		{7D70EE3A-40D1-422D-8D09-6CC43A9974C7}.Debug|iPhoneSimulator.Build.0 = Debug|iPhoneSimulator
		{7D70EE3A-40D1-422D-8D09-6CC43A9974C7}.Debug|iPhoneSimulator.Deploy.0 = Debug|iPhoneSimulator
		{7D70EE3A-40D1-422D-8D09-6CC43A9974C7}.Release|Any CPU.ActiveCfg = Release|iPhoneSimulator
		{7D70EE3A-40D1-422D-8D09-6CC43A9974C7}.Release|Any CPU.Build.0 = Release|iPhoneSimulator
		{7D70EE3A-40D1-422D-8D09-6CC43A9974C7}.Release|Any CPU.Deploy.0 = Release|iPhoneSimulator
		{7D70EE3A-40D1-422D-8D09-6CC43A9974C7}.Release|iPhone.ActiveCfg = Release|iPhone
		{7D70EE3A-40D1-422D-8D09-6CC43A9974C7}.Release|iPhone.Build.0 = Release|iPhone
		{7D70EE3A-40D1-422D-8D09-6CC43A9974C7}.Release|iPhone.Deploy.0 = Release|iPhone
		{7D70EE3A-40D1-422D-8D09-6CC43A9974C7}.Release|iPhoneSimulator.ActiveCfg = Release|iPhoneSimulator
		{7D70EE3A-40D1-422D-8D09-6CC43A9974C7}.Release|iPhoneSimulator.Build.0 = Release|iPhoneSimulator
		{7D70EE3A-40D1-422D-8D09-6CC43A9974C7}.Release|iPhoneSimulator.Deploy.0 = Release|iPhoneSimulator
		{723D4A2D-C16E-4EF3-B83E-1E135B7F6308}.Debug|Any CPU.ActiveCfg = Debug|Any CPU
		{723D4A2D-C16E-4EF3-B83E-1E135B7F6308}.Debug|Any CPU.Build.0 = Debug|Any CPU
		{723D4A2D-C16E-4EF3-B83E-1E135B7F6308}.Debug|Any CPU.Deploy.0 = Debug|Any CPU
		{723D4A2D-C16E-4EF3-B83E-1E135B7F6308}.Debug|iPhone.ActiveCfg = Debug|Any CPU
		{723D4A2D-C16E-4EF3-B83E-1E135B7F6308}.Debug|iPhone.Build.0 = Debug|Any CPU
		{723D4A2D-C16E-4EF3-B83E-1E135B7F6308}.Debug|iPhone.Deploy.0 = Debug|Any CPU
		{723D4A2D-C16E-4EF3-B83E-1E135B7F6308}.Debug|iPhoneSimulator.ActiveCfg = Debug|Any CPU
		{723D4A2D-C16E-4EF3-B83E-1E135B7F6308}.Debug|iPhoneSimulator.Build.0 = Debug|Any CPU
		{723D4A2D-C16E-4EF3-B83E-1E135B7F6308}.Debug|iPhoneSimulator.Deploy.0 = Debug|Any CPU
		{723D4A2D-C16E-4EF3-B83E-1E135B7F6308}.Release|Any CPU.ActiveCfg = Release|Any CPU
		{723D4A2D-C16E-4EF3-B83E-1E135B7F6308}.Release|Any CPU.Build.0 = Release|Any CPU
		{723D4A2D-C16E-4EF3-B83E-1E135B7F6308}.Release|Any CPU.Deploy.0 = Release|Any CPU
		{723D4A2D-C16E-4EF3-B83E-1E135B7F6308}.Release|iPhone.ActiveCfg = Release|Any CPU
		{723D4A2D-C16E-4EF3-B83E-1E135B7F6308}.Release|iPhone.Build.0 = Release|Any CPU
		{723D4A2D-C16E-4EF3-B83E-1E135B7F6308}.Release|iPhone.Deploy.0 = Release|Any CPU
		{723D4A2D-C16E-4EF3-B83E-1E135B7F6308}.Release|iPhoneSimulator.ActiveCfg = Release|Any CPU
		{723D4A2D-C16E-4EF3-B83E-1E135B7F6308}.Release|iPhoneSimulator.Build.0 = Release|Any CPU
		{723D4A2D-C16E-4EF3-B83E-1E135B7F6308}.Release|iPhoneSimulator.Deploy.0 = Release|Any CPU
	EndGlobalSection
	GlobalSection(SolutionProperties) = preSolution
		HideSolutionNode = FALSE
	EndGlobalSection
	GlobalSection(ExtensibilityGlobals) = postSolution
		SolutionGuid = {E5C3165E-A31A-4486-9F54-F5D8047514F4}
	EndGlobalSection
EndGlobal
